
Microsoft Visual Studio Solution File, Format Version 12.00
# Visual Studio Version 17
VisualStudioVersion = 17.7.34003.232
MinimumVisualStudioVersion = 10.0.40219.1
Project("{9A19103F-16F7-4668-BE54-9A1E7A4F7556}") = "Gamestore.Tests", "Gamestore.Tests\Gamestore.Tests.csproj", "{6FEE28C8-3020-4569-95BC-BF2BC3863817}"
EndProject
Project("{9A19103F-16F7-4668-BE54-9A1E7A4F7556}") = "Gamestore.Api", "Gamestore\Gamestore.Api\Gamestore.Api.csproj", "{B0103CE1-688A-4386-821A-3DBDC47565F4}"
EndProject
Project("{9A19103F-16F7-4668-BE54-9A1E7A4F7556}") = "Gamestore.Database", "Gamestore\Gamestore.DataBase\Gamestore.Database.csproj", "{97E6ECF3-BC10-4D11-A8CE-24891D87B953}"
EndProject
Global
	GlobalSection(SolutionConfigurationPlatforms) = preSolution
		Debug|Any CPU = Debug|Any CPU
		Release|Any CPU = Release|Any CPU
	EndGlobalSection
	GlobalSection(ProjectConfigurationPlatforms) = postSolution
		{6FEE28C8-3020-4569-95BC-BF2BC3863817}.Debug|Any CPU.ActiveCfg = Debug|Any CPU
		{6FEE28C8-3020-4569-95BC-BF2BC3863817}.Debug|Any CPU.Build.0 = Debug|Any CPU
		{6FEE28C8-3020-4569-95BC-BF2BC3863817}.Release|Any CPU.ActiveCfg = Release|Any CPU
		{6FEE28C8-3020-4569-95BC-BF2BC3863817}.Release|Any CPU.Build.0 = Release|Any CPU
		{B0103CE1-688A-4386-821A-3DBDC47565F4}.Debug|Any CPU.ActiveCfg = Debug|Any CPU
		{B0103CE1-688A-4386-821A-3DBDC47565F4}.Debug|Any CPU.Build.0 = Debug|Any CPU
		{B0103CE1-688A-4386-821A-3DBDC47565F4}.Release|Any CPU.ActiveCfg = Release|Any CPU
		{B0103CE1-688A-4386-821A-3DBDC47565F4}.Release|Any CPU.Build.0 = Release|Any CPU
		{97E6ECF3-BC10-4D11-A8CE-24891D87B953}.Debug|Any CPU.ActiveCfg = Debug|Any CPU
		{97E6ECF3-BC10-4D11-A8CE-24891D87B953}.Debug|Any CPU.Build.0 = Debug|Any CPU
		{97E6ECF3-BC10-4D11-A8CE-24891D87B953}.Release|Any CPU.ActiveCfg = Release|Any CPU
		{97E6ECF3-BC10-4D11-A8CE-24891D87B953}.Release|Any CPU.Build.0 = Release|Any CPU
	EndGlobalSection
	GlobalSection(SolutionProperties) = preSolution
		HideSolutionNode = FALSE
	EndGlobalSection
	GlobalSection(ExtensibilityGlobals) = postSolution
		SolutionGuid = {070A38F7-1DBB-4F91-991D-AAB71FA2431C}
	EndGlobalSection
EndGlobal
